# THIS IS AN AUTOGENERATED FILE. DO NOT EDIT THIS FILE DIRECTLY.
# yarn lockfile v1


"@types/color-name@^1.1.1":
  "integrity" "sha512-rr+OQyAjxze7GgWrSaJwydHStIhHq2lvY3BOC2Mj7KnzI7XK0Uw1TOOdI9lDoajEbSWLiYgoo4f1R51erQfhPQ=="
  "resolved" "https://registry.npmjs.org/@types/color-name/-/color-name-1.1.1.tgz"
  "version" "1.1.1"

"ansi-escapes@^3.2.0":
  "integrity" "sha512-cBhpre4ma+U0T1oM5fXg7Dy1Jw7zzwv7lt/GoCpr+hDQJoYnKVPLL4dCvSEFMmQurOQvSrwT7SL/DAlhBI97RQ=="
  "resolved" "https://registry.npmjs.org/ansi-escapes/-/ansi-escapes-3.2.0.tgz"
  "version" "3.2.0"

"ansi-regex@^3.0.0":
  "integrity" "sha512-+O9Jct8wf++lXxxFc4hc8LsjaSq0HFzzL7cVsw8pRDIPdjKD2mT4ytDZlLuSBZ4cLKZFXIrMGO7DbQCtMJJMKw=="
  "resolved" "https://registry.npmjs.org/ansi-regex/-/ansi-regex-3.0.1.tgz"
  "version" "3.0.1"

"ansi-regex@^4.1.0":
  "integrity" "sha512-ILlv4k/3f6vfQ4OoP2AGvirOktlQ98ZEL1k9FaQjxa3L1abBgbuTDAdPOpvbGncC0BTVQrl+OM8xZGK6tWXt7g=="
  "resolved" "https://registry.npmjs.org/ansi-regex/-/ansi-regex-4.1.1.tgz"
  "version" "4.1.1"

"ansi-styles@^3.2.1":
  "integrity" "sha512-VT0ZI6kZRdTh8YyJw3SMbYm/u+NqfsAxEpWO0Pf9sq8/e94WxxOpPKx9FR1FlyCtOVDNOQ+8ntlqFxiRc+r5qA=="
  "resolved" "https://registry.npmjs.org/ansi-styles/-/ansi-styles-3.2.1.tgz"
  "version" "3.2.1"
  dependencies:
    "color-convert" "^1.9.0"

"ansi-styles@^4.1.0":
  "integrity" "sha512-9VGjrMsG1vePxcSweQsN20KY/c4zN0h9fLjqAbwbPfahM3t+NL+M9HC8xeXG2I8pX5NoamTGNuomEUFI7fcUjA=="
  "resolved" "https://registry.npmjs.org/ansi-styles/-/ansi-styles-4.2.1.tgz"
  "version" "4.2.1"
  dependencies:
    "@types/color-name" "^1.1.1"
    "color-convert" "^2.0.1"

"asn1@^0.2.4":
  "integrity" "sha512-jxwzQpLQjSmWXgwaCZE9Nz+glAG01yF1QnWgbhGwHI5A6FRIEY6IVqtHhIepHqI7/kyEyQEagBC5mBEFlIYvdg=="
  "resolved" "https://registry.npmjs.org/asn1/-/asn1-0.2.4.tgz"
  "version" "0.2.4"
  dependencies:
    "safer-buffer" "~2.1.0"

"chalk@^2.4.2":
  "integrity" "sha512-Mti+f9lpJNcwF4tWV8/OrTTtF1gZi+f8FqlyAdouralcFWFQWF2+NgCHShjkCb+IFBLq9buZwE1xckQU4peSuQ=="
  "resolved" "https://registry.npmjs.org/chalk/-/chalk-2.4.2.tgz"
  "version" "2.4.2"
  dependencies:
    "ansi-styles" "^3.2.1"
    "escape-string-regexp" "^1.0.5"
    "supports-color" "^5.3.0"

"chalk@^3.0.0":
  "integrity" "sha512-4D3B6Wf41KOYRFdszmDqMCGq5VV/uMAB273JILmO+3jAlh8X4qDtdtgCR3fxtbLEMzSx22QdhnDcJvu2u1fVwg=="
  "resolved" "https://registry.npmjs.org/chalk/-/chalk-3.0.0.tgz"
  "version" "3.0.0"
  dependencies:
    "ansi-styles" "^4.1.0"
    "supports-color" "^7.1.0"

"chardet@^0.7.0":
  "integrity" "sha512-mT8iDcrh03qDGRRmoA2hmBJnxpllMR+0/0qlzjqZES6NdiWDcZkCNAk4rPFZ9Q85r27unkiNNg8ZOiwZXBHwcA=="
  "resolved" "https://registry.npmjs.org/chardet/-/chardet-0.7.0.tgz"
  "version" "0.7.0"

"cli-cursor@^2.1.0":
  "integrity" "sha1-s12sN2R5+sw+lHR9QdDQ9SOP/LU="
  "resolved" "https://registry.npmjs.org/cli-cursor/-/cli-cursor-2.1.0.tgz"
  "version" "2.1.0"
  dependencies:
    "restore-cursor" "^2.0.0"

"cli-width@^2.0.0":
  "integrity" "sha1-/xnt6Kml5XkyQUewwR8PvLq+1jk="
  "resolved" "https://registry.npmjs.org/cli-width/-/cli-width-2.2.0.tgz"
  "version" "2.2.0"

"color-convert@^1.9.0":
  "integrity" "sha512-QfAUtd+vFdAtFQcC8CCyYt1fYWxSqAiK2cSD6zDB8N3cpsEBAvRxp9zOGg6G/SHHJYAT88/az/IuDGALsNVbGg=="
  "resolved" "https://registry.npmjs.org/color-convert/-/color-convert-1.9.3.tgz"
  "version" "1.9.3"
  dependencies:
    "color-name" "1.1.3"

"color-convert@^2.0.1":
  "integrity" "sha512-RRECPsj7iu/xb5oKYcsFHSppFNnsj/52OVTRKb4zP5onXwVF3zVmmToNcOfGC+CRDpfK/U584fMg38ZHCaElKQ=="
  "resolved" "https://registry.npmjs.org/color-convert/-/color-convert-2.0.1.tgz"
  "version" "2.0.1"
  dependencies:
    "color-name" "~1.1.4"

"color-name@~1.1.4":
  "integrity" "sha512-dOy+3AuW3a2wNbZHIuMZpTcgjGuLU/uBL/ubcZF9OXbDo8ff4O8yVp5Bf0efS8uEoYo5q4Fx7dY9OgQGXgAsQA=="
  "resolved" "https://registry.npmjs.org/color-name/-/color-name-1.1.4.tgz"
  "version" "1.1.4"

"color-name@1.1.3":
  "integrity" "sha1-p9BVi9icQveV3UIyj3QIMcpTvCU="
  "resolved" "https://registry.npmjs.org/color-name/-/color-name-1.1.3.tgz"
  "version" "1.1.3"

"escape-string-regexp@^1.0.5":
  "integrity" "sha1-G2HAViGQqN/2rjuyzwIAyhMLhtQ="
  "resolved" "https://registry.npmjs.org/escape-string-regexp/-/escape-string-regexp-1.0.5.tgz"
  "version" "1.0.5"

"external-editor@^3.0.3":
  "integrity" "sha512-hMQ4CX1p1izmuLYyZqLMO/qGNw10wSv9QDCPfzXfyFrOaCSSoRfqE1Kf1s5an66J5JZC62NewG+mK49jOCtQew=="
  "resolved" "https://registry.npmjs.org/external-editor/-/external-editor-3.1.0.tgz"
  "version" "3.1.0"
  dependencies:
    "chardet" "^0.7.0"
    "iconv-lite" "^0.4.24"
    "tmp" "^0.0.33"

"figures@^2.0.0":
  "integrity" "sha1-OrGi0qYsi/tDGgyUy3l6L84nyWI="
  "resolved" "https://registry.npmjs.org/figures/-/figures-2.0.0.tgz"
  "version" "2.0.0"
  dependencies:
    "escape-string-regexp" "^1.0.5"

"has-flag@^3.0.0":
  "integrity" "sha1-tdRU3CGZriJWmfNGfloH87lVuv0="
  "resolved" "https://registry.npmjs.org/has-flag/-/has-flag-3.0.0.tgz"
  "version" "3.0.0"

"has-flag@^4.0.0":
  "integrity" "sha512-EykJT/Q1KjTWctppgIAgfSO0tKVuZUjhgMr17kqTumMl6Afv3EISleU7qZUzoXDFTAHTDC4NOoG/ZxU3EvlMPQ=="
  "resolved" "https://registry.npmjs.org/has-flag/-/has-flag-4.0.0.tgz"
  "version" "4.0.0"

"iconv-lite@^0.4.24":
  "integrity" "sha512-v3MXnZAcvnywkTUEZomIActle7RXXeedOR31wwl7VlyoXO4Qi9arvSenNQWne1TcRwhCL1HwLI21bEqdpj8/rA=="
  "resolved" "https://registry.npmjs.org/iconv-lite/-/iconv-lite-0.4.24.tgz"
  "version" "0.4.24"
  dependencies:
    "safer-buffer" ">= 2.1.2 < 3"

"inquirer@^6.2.0":
  "integrity" "sha512-cntlB5ghuB0iuO65Ovoi8ogLHiWGs/5yNrtUcKjFhSSiVeAIVpD7koaSU9RM8mpXw5YDi9RdYXGQMaOURB7ycQ=="
  "resolved" "https://registry.npmjs.org/inquirer/-/inquirer-6.5.2.tgz"
  "version" "6.5.2"
  dependencies:
    "ansi-escapes" "^3.2.0"
    "chalk" "^2.4.2"
    "cli-cursor" "^2.1.0"
    "cli-width" "^2.0.0"
    "external-editor" "^3.0.3"
    "figures" "^2.0.0"
    "lodash" "^4.17.12"
    "mute-stream" "0.0.7"
    "run-async" "^2.2.0"
    "rxjs" "^6.4.0"
    "string-width" "^2.1.0"
    "strip-ansi" "^5.1.0"
    "through" "^2.3.6"

"is-fullwidth-code-point@^2.0.0":
  "integrity" "sha1-o7MKXE8ZkYMWeqq5O+764937ZU8="
  "resolved" "https://registry.npmjs.org/is-fullwidth-code-point/-/is-fullwidth-code-point-2.0.0.tgz"
  "version" "2.0.0"

"is-promise@^2.1.0":
  "integrity" "sha1-eaKp7OfwlugPNtKy87wWwf9L8/o="
  "resolved" "https://registry.npmjs.org/is-promise/-/is-promise-2.1.0.tgz"
  "version" "2.1.0"

"lodash@^4.17.12":
  "integrity" "sha512-v2kDEe57lecTulaDIuNTPy3Ry4gLGJ6Z1O3vE1krgXZNrsQ+LFTGHVxVjcXPs17LhbZVGedAJv8XZ1tvj5FvSg=="
  "resolved" "https://registry.npmjs.org/lodash/-/lodash-4.17.21.tgz"
  "version" "4.17.21"

"mimic-fn@^1.0.0":
  "integrity" "sha512-jf84uxzwiuiIVKiOLpfYk7N46TSy8ubTonmneY9vrpHNAnp0QBt2BxWV9dO3/j+BoVAb+a5G6YDPW3M5HOdMWQ=="
  "resolved" "https://registry.npmjs.org/mimic-fn/-/mimic-fn-1.2.0.tgz"
  "version" "1.2.0"

"mute-stream@0.0.7":
  "integrity" "sha1-MHXOk7whuPq0PhvE2n6BFe0ee6s="
  "resolved" "https://registry.npmjs.org/mute-stream/-/mute-stream-0.0.7.tgz"
  "version" "0.0.7"

"node-rsa@^1.0.1":
  "integrity" "sha512-idwRXma6scFufZmbaKkHpJoLL93yynRefP6yur13wZ5i9FR35ex451KCoF2OORDeJanyRVahmjjiwmUlCnTqJA=="
  "resolved" "https://registry.npmjs.org/node-rsa/-/node-rsa-1.0.7.tgz"
  "version" "1.0.7"
  dependencies:
    "asn1" "^0.2.4"

"onetime@^2.0.0":
  "integrity" "sha1-BnQoIw/WdEOyeUsiu6UotoZ5YtQ="
  "resolved" "https://registry.npmjs.org/onetime/-/onetime-2.0.1.tgz"
  "version" "2.0.1"
  dependencies:
    "mimic-fn" "^1.0.0"

"os-tmpdir@~1.0.2":
  "integrity" "sha1-u+Z0BseaqFxc/sdm/lc0VV36EnQ="
  "resolved" "https://registry.npmjs.org/os-tmpdir/-/os-tmpdir-1.0.2.tgz"
  "version" "1.0.2"

"restore-cursor@^2.0.0":
  "integrity" "sha1-n37ih/gv0ybU/RYpI9YhKe7g368="
  "resolved" "https://registry.npmjs.org/restore-cursor/-/restore-cursor-2.0.0.tgz"
  "version" "2.0.0"
  dependencies:
    "onetime" "^2.0.0"
    "signal-exit" "^3.0.2"

"run-async@^2.2.0":
  "integrity" "sha512-xJTbh/d7Lm7SBhc1tNvTpeCHaEzoyxPrqNlvSdMfBTYwaY++UJFyXUOxAtsRUXjlqOfj8luNaR9vjCh4KeV+pg=="
  "resolved" "https://registry.npmjs.org/run-async/-/run-async-2.4.0.tgz"
  "version" "2.4.0"
  dependencies:
    "is-promise" "^2.1.0"

"rxjs@^6.4.0":
  "integrity" "sha512-naMQXcgEo3csAEGvw/NydRA0fuS2nDZJiw1YUWFKU7aPPAPGZEsD4Iimit96qwCieH6y614MCLYwdkrWx7z/7Q=="
  "resolved" "https://registry.npmjs.org/rxjs/-/rxjs-6.5.4.tgz"
  "version" "6.5.4"
  dependencies:
    "tslib" "^1.9.0"

"safer-buffer@>= 2.1.2 < 3", "safer-buffer@~2.1.0":
  "integrity" "sha512-YZo3K82SD7Riyi0E1EQPojLz7kpepnSQI9IyPbHHg1XXXevb5dJI7tpyN2ADxGcQbHG7vcyRHk0cbwqcQriUtg=="
  "resolved" "https://registry.npmjs.org/safer-buffer/-/safer-buffer-2.1.2.tgz"
  "version" "2.1.2"

"signal-exit@^3.0.2":
  "integrity" "sha1-tf3AjxKH6hF4Yo5BXiUTK3NkbG0="
  "resolved" "https://registry.npmjs.org/signal-exit/-/signal-exit-3.0.2.tgz"
  "version" "3.0.2"

"string-width@^2.1.0":
  "integrity" "sha512-nOqH59deCq9SRHlxq1Aw85Jnt4w6KvLKqWVik6oA9ZklXLNIOlqg4F2yrT1MVaTjAqvVwdfeZ7w7aCvJD7ugkw=="
  "resolved" "https://registry.npmjs.org/string-width/-/string-width-2.1.1.tgz"
  "version" "2.1.1"
  dependencies:
    "is-fullwidth-code-point" "^2.0.0"
    "strip-ansi" "^4.0.0"

"strip-ansi@^4.0.0":
  "integrity" "sha1-qEeQIusaw2iocTibY1JixQXuNo8="
  "resolved" "https://registry.npmjs.org/strip-ansi/-/strip-ansi-4.0.0.tgz"
  "version" "4.0.0"
  dependencies:
    "ansi-regex" "^3.0.0"

"strip-ansi@^5.1.0":
  "integrity" "sha512-DuRs1gKbBqsMKIZlrffwlug8MHkcnpjs5VPmL1PAh+mA30U0DTotfDZ0d2UUsXpPmPmMMJ6W773MaA3J+lbiWA=="
  "resolved" "https://registry.npmjs.org/strip-ansi/-/strip-ansi-5.2.0.tgz"
  "version" "5.2.0"
  dependencies:
    "ansi-regex" "^4.1.0"

"supports-color@^5.3.0":
  "integrity" "sha512-QjVjwdXIt408MIiAqCX4oUKsgU2EqAGzs2Ppkm4aQYbjm+ZEWEcW4SfFNTr4uMNZma0ey4f5lgLrkB0aX0QMow=="
  "resolved" "https://registry.npmjs.org/supports-color/-/supports-color-5.5.0.tgz"
  "version" "5.5.0"
  dependencies:
    "has-flag" "^3.0.0"

"supports-color@^7.1.0":
  "integrity" "sha512-oRSIpR8pxT1Wr2FquTNnGet79b3BWljqOuoW/h4oBhxJ/HUbX5nX6JSruTkvXDCFMwDPvsaTTbvMLKZWSy0R5g=="
  "resolved" "https://registry.npmjs.org/supports-color/-/supports-color-7.1.0.tgz"
  "version" "7.1.0"
  dependencies:
    "has-flag" "^4.0.0"

"through@^2.3.6":
  "integrity" "sha1-DdTJ/6q8NXlgsbckEV1+Doai4fU="
  "resolved" "https://registry.npmjs.org/through/-/through-2.3.8.tgz"
  "version" "2.3.8"

"tmp@^0.0.33":
  "integrity" "sha512-jRCJlojKnZ3addtTOjdIqoRuPEKBvNXcGYqzO6zWZX8KfKEpnGY5jfggJQ3EjKuu8D4bJRr0y+cYJFmYbImXGw=="
  "resolved" "https://registry.npmjs.org/tmp/-/tmp-0.0.33.tgz"
  "version" "0.0.33"
  dependencies:
    "os-tmpdir" "~1.0.2"

"tslib@^1.9.0":
  "integrity" "sha512-aZW88SY8kQbU7gpV19lN24LtXh/yD4ZZg6qieAJDDg+YBsJcSmLGK9QpnUjAKVG/xefmvJGd1WUmfpT/g6AJGA=="
  "resolved" "https://registry.npmjs.org/tslib/-/tslib-1.11.1.tgz"
  "version" "1.11.1"
